// !$*UTF8*$!
{
	archiveVersion = 1;
	classes = {
	};
	objectVersion = 55;
	objects = {

/* Begin PBXBuildFile section */
		9626129B2799A82100B619BF /* User.swift in Sources */ = {isa = PBXBuildFile; fileRef = 9626129A2799A82100B619BF /* User.swift */; };
		9626129D2799D7B900B619BF /* EventList.swift in Sources */ = {isa = PBXBuildFile; fileRef = 9626129C2799D7B900B619BF /* EventList.swift */; };
		9626129F2799D9A500B619BF /* EventService.swift in Sources */ = {isa = PBXBuildFile; fileRef = 9626129E2799D9A500B619BF /* EventService.swift */; };
		962612A12799E9F800B619BF /* ViewModel.swift in Sources */ = {isa = PBXBuildFile; fileRef = 962612A02799E9F800B619BF /* ViewModel.swift */; };
		962612A32799F13D00B619BF /* Util.swift in Sources */ = {isa = PBXBuildFile; fileRef = 962612A22799F13D00B619BF /* Util.swift */; };
		962612A62799FF4C00B619BF /* FirebaseFirestore in Frameworks */ = {isa = PBXBuildFile; productRef = 962612A52799FF4C00B619BF /* FirebaseFirestore */; };
		962612A8279A001E00B619BF /* GoogleService-Info.plist in Resources */ = {isa = PBXBuildFile; fileRef = 962612A7279A001E00B619BF /* GoogleService-Info.plist */; };
		9676F8A3279B236F0047DC96 /* CardItem.swift in Sources */ = {isa = PBXBuildFile; fileRef = 9676F8A2279B236F0047DC96 /* CardItem.swift */; };
		9676F8A5279B3F920047DC96 /* CardRow.swift in Sources */ = {isa = PBXBuildFile; fileRef = 9676F8A4279B3F920047DC96 /* CardRow.swift */; };
		9676F8A7279B4B430047DC96 /* HomeView.swift in Sources */ = {isa = PBXBuildFile; fileRef = 9676F8A6279B4B430047DC96 /* HomeView.swift */; };
		96E7A8A727988E4100C0E27E /* MyappApp.swift in Sources */ = {isa = PBXBuildFile; fileRef = 96E7A8A627988E4100C0E27E /* MyappApp.swift */; };
		96E7A8A927988E4100C0E27E /* ContentView.swift in Sources */ = {isa = PBXBuildFile; fileRef = 96E7A8A827988E4100C0E27E /* ContentView.swift */; };
		96E7A8AB27988E4500C0E27E /* Assets.xcassets in Resources */ = {isa = PBXBuildFile; fileRef = 96E7A8AA27988E4500C0E27E /* Assets.xcassets */; };
		96E7A8AE27988E4500C0E27E /* Preview Assets.xcassets in Resources */ = {isa = PBXBuildFile; fileRef = 96E7A8AD27988E4500C0E27E /* Preview Assets.xcassets */; };
/* End PBXBuildFile section */

/* Begin PBXFileReference section */
		9626129A2799A82100B619BF /* User.swift */ = {isa = PBXFileReference; lastKnownFileType = sourcecode.swift; path = User.swift; sourceTree = "<group>"; };
		9626129C2799D7B900B619BF /* EventList.swift */ = {isa = PBXFileReference; lastKnownFileType = sourcecode.swift; path = EventList.swift; sourceTree = "<group>"; };
		9626129E2799D9A500B619BF /* EventService.swift */ = {isa = PBXFileReference; lastKnownFileType = sourcecode.swift; path = EventService.swift; sourceTree = "<group>"; };
		962612A02799E9F800B619BF /* ViewModel.swift */ = {isa = PBXFileReference; lastKnownFileType = sourcecode.swift; path = ViewModel.swift; sourceTree = "<group>"; };
		962612A22799F13D00B619BF /* Util.swift */ = {isa = PBXFileReference; lastKnownFileType = sourcecode.swift; path = Util.swift; sourceTree = "<group>"; };
		962612A7279A001E00B619BF /* GoogleService-Info.plist */ = {isa = PBXFileReference; fileEncoding = 4; lastKnownFileType = text.plist.xml; path = "GoogleService-Info.plist"; sourceTree = "<group>"; };
		9676F8A2279B236F0047DC96 /* CardItem.swift */ = {isa = PBXFileReference; lastKnownFileType = sourcecode.swift; path = CardItem.swift; sourceTree = "<group>"; };
		9676F8A4279B3F920047DC96 /* CardRow.swift */ = {isa = PBXFileReference; lastKnownFileType = sourcecode.swift; path = CardRow.swift; sourceTree = "<group>"; };
		9676F8A6279B4B430047DC96 /* HomeView.swift */ = {isa = PBXFileReference; lastKnownFileType = sourcecode.swift; path = HomeView.swift; sourceTree = "<group>"; };
		96E7A8A327988E4100C0E27E /* Myapp.app */ = {isa = PBXFileReference; explicitFileType = wrapper.application; includeInIndex = 0; path = Myapp.app; sourceTree = BUILT_PRODUCTS_DIR; };
		96E7A8A627988E4100C0E27E /* MyappApp.swift */ = {isa = PBXFileReference; lastKnownFileType = sourcecode.swift; path = MyappApp.swift; sourceTree = "<group>"; };
		96E7A8A827988E4100C0E27E /* ContentView.swift */ = {isa = PBXFileReference; lastKnownFileType = sourcecode.swift; path = ContentView.swift; sourceTree = "<group>"; };
		96E7A8AA27988E4500C0E27E /* Assets.xcassets */ = {isa = PBXFileReference; lastKnownFileType = folder.assetcatalog; path = Assets.xcassets; sourceTree = "<group>"; };
		96E7A8AD27988E4500C0E27E /* Preview Assets.xcassets */ = {isa = PBXFileReference; lastKnownFileType = folder.assetcatalog; path = "Preview Assets.xcassets"; sourceTree = "<group>"; };
/* End PBXFileReference section */

/* Begin PBXFrameworksBuildPhase section */
		96E7A8A027988E4100C0E27E /* Frameworks */ = {
			isa = PBXFrameworksBuildPhase;
			buildActionMask = 2147483647;
			files = (
				962612A62799FF4C00B619BF /* FirebaseFirestore in Frameworks */,
			);
			runOnlyForDeploymentPostprocessing = 0;
		};
/* End PBXFrameworksBuildPhase section */

/* Begin PBXGroup section */
		96E7A89A27988E4100C0E27E = {
			isa = PBXGroup;
			children = (
				96E7A8A527988E4100C0E27E /* Myapp */,
				96E7A8A427988E4100C0E27E /* Products */,
			);
			sourceTree = "<group>";
		};
		96E7A8A427988E4100C0E27E /* Products */ = {
			isa = PBXGroup;
			children = (
				96E7A8A327988E4100C0E27E /* Myapp.app */,
			);
			name = Products;
			sourceTree = "<group>";
		};
		96E7A8A527988E4100C0E27E /* Myapp */ = {
			isa = PBXGroup;
			children = (
				962612A7279A001E00B619BF /* GoogleService-Info.plist */,
				96E7A8A627988E4100C0E27E /* MyappApp.swift */,
				96E7A8A827988E4100C0E27E /* ContentView.swift */,
				96E7A8B52798927C00C0E27E /* Views */,
				96E7A8B62798929800C0E27E /* Model */,
				96E7A8B7279892B900C0E27E /* Services */,
				96E7A8B42798925D00C0E27E /* Resources */,
				96E7A8AA27988E4500C0E27E /* Assets.xcassets */,
				96E7A8AC27988E4500C0E27E /* Preview Content */,
			);
			path = Myapp;
			sourceTree = "<group>";
		};
		96E7A8AC27988E4500C0E27E /* Preview Content */ = {
			isa = PBXGroup;
			children = (
				96E7A8AD27988E4500C0E27E /* Preview Assets.xcassets */,
			);
			path = "Preview Content";
			sourceTree = "<group>";
		};
		96E7A8B42798925D00C0E27E /* Resources */ = {
			isa = PBXGroup;
			children = (
			);
			path = Resources;
			sourceTree = "<group>";
		};
		96E7A8B52798927C00C0E27E /* Views */ = {
			isa = PBXGroup;
			children = (
				9676F8A2279B236F0047DC96 /* CardItem.swift */,
				9676F8A4279B3F920047DC96 /* CardRow.swift */,
				9676F8A6279B4B430047DC96 /* HomeView.swift */,
			);
			path = Views;
			sourceTree = "<group>";
		};
		96E7A8B62798929800C0E27E /* Model */ = {
			isa = PBXGroup;
			children = (
				9626129A2799A82100B619BF /* User.swift */,
				9626129C2799D7B900B619BF /* EventList.swift */,
			);
			path = Model;
			sourceTree = "<group>";
		};
		96E7A8B7279892B900C0E27E /* Services */ = {
			isa = PBXGroup;
			children = (
				9626129E2799D9A500B619BF /* EventService.swift */,
				962612A02799E9F800B619BF /* ViewModel.swift */,
				962612A22799F13D00B619BF /* Util.swift */,
			);
			path = Services;
			sourceTree = "<group>";
		};
/* End PBXGroup section */

/* Begin PBXNativeTarget section */
		96E7A8A227988E4100C0E27E /* Myapp */ = {
			isa = PBXNativeTarget;
			buildConfigurationList = 96E7A8B127988E4500C0E27E /* Build configuration list for PBXNativeTarget "Myapp" */;
			buildPhases = (
				96E7A89F27988E4100C0E27E /* Sources */,
				96E7A8A027988E4100C0E27E /* Frameworks */,
				96E7A8A127988E4100C0E27E /* Resources */,
			);
			buildRules = (
			);
			dependencies = (
			);
			name = Myapp;
			packageProductDependencies = (
				962612A52799FF4C00B619BF /* FirebaseFirestore */,
			);
			productName = Myapp;
			productReference = 96E7A8A327988E4100C0E27E /* Myapp.app */;
			productType = "com.apple.product-type.application";
		};
/* End PBXNativeTarget section */

/* Begin PBXProject section */
		96E7A89B27988E4100C0E27E /* Project object */ = {
			isa = PBXProject;
			attributes = {
				BuildIndependentTargetsInParallel = 1;
				LastSwiftUpdateCheck = 1320;
				LastUpgradeCheck = 1320;
				TargetAttributes = {
					96E7A8A227988E4100C0E27E = {
						CreatedOnToolsVersion = 13.2.1;
					};
				};
			};
			buildConfigurationList = 96E7A89E27988E4100C0E27E /* Build configuration list for PBXProject "Myapp" */;
			compatibilityVersion = "Xcode 13.0";
			developmentRegion = en;
			hasScannedForEncodings = 0;
			knownRegions = (
				en,
				Base,
			);
			mainGroup = 96E7A89A27988E4100C0E27E;
			packageReferences = (
				962612A42799FF4C00B619BF /* XCRemoteSwiftPackageReference "firebase-ios-sdk" */,
			);
			productRefGroup = 96E7A8A427988E4100C0E27E /* Products */;
			projectDirPath = "";
			projectRoot = "";
			targets = (
				96E7A8A227988E4100C0E27E /* Myapp */,
			);
		};
/* End PBXProject section */

/* Begin PBXResourcesBuildPhase section */
		96E7A8A127988E4100C0E27E /* Resources */ = {
			isa = PBXResourcesBuildPhase;
			buildActionMask = 2147483647;
			files = (
				96E7A8AE27988E4500C0E27E /* Preview Assets.xcassets in Resources */,
				96E7A8AB27988E4500C0E27E /* Assets.xcassets in Resources */,
				962612A8279A001E00B619BF /* GoogleService-Info.plist in Resources */,
			);
			runOnlyForDeploymentPostprocessing = 0;
		};
/* End PBXResourcesBuildPhase section */

/* Begin PBXSourcesBuildPhase section */
		96E7A89F27988E4100C0E27E /* Sources */ = {
			isa = PBXSourcesBuildPhase;
			buildActionMask = 2147483647;
			files = (
				96E7A8A927988E4100C0E27E /* ContentView.swift in Sources */,
				9626129D2799D7B900B619BF /* EventList.swift in Sources */,
				9676F8A3279B236F0047DC96 /* CardItem.swift in Sources */,
				9676F8A7279B4B430047DC96 /* HomeView.swift in Sources */,
				96E7A8A727988E4100C0E27E /* MyappApp.swift in Sources */,
				9626129F2799D9A500B619BF /* EventService.swift in Sources */,
				962612A32799F13D00B619BF /* Util.swift in Sources */,
				9626129B2799A82100B619BF /* User.swift in Sources */,
				9676F8A5279B3F920047DC96 /* CardRow.swift in Sources */,
				962612A12799E9F800B619BF /* ViewModel.swift in Sources */,
			);
			runOnlyForDeploymentPostprocessing = 0;
		};
/* End PBXSourcesBuildPhase section */

/* Begin XCBuildConfiguration section */
		96E7A8AF27988E4500C0E27E /* Debug */ = {
			isa = XCBuildConfiguration;
			buildSettings = {
				ALWAYS_SEARCH_USER_PATHS = NO;
				CLANG_ANALYZER_NONNULL = YES;
				CLANG_ANALYZER_NUMBER_OBJECT_CONVERSION = YES_AGGRESSIVE;
				CLANG_CXX_LANGUAGE_STANDARD = "gnu++17";
				CLANG_CXX_LIBRARY = "libc++";
				CLANG_ENABLE_MODULES = YES;
				CLANG_ENABLE_OBJC_ARC = YES;
				CLANG_ENABLE_OBJC_WEAK = YES;
				CLANG_WARN_BLOCK_CAPTURE_AUTORELEASING = YES;
				CLANG_WARN_BOOL_CONVERSION = YES;
				CLANG_WARN_COMMA = YES;
				CLANG_WARN_CONSTANT_CONVERSION = YES;
				CLANG_WARN_DEPRECATED_OBJC_IMPLEMENTATIONS = YES;
				CLANG_WARN_DIRECT_OBJC_ISA_USAGE = YES_ERROR;
				CLANG_WARN_DOCUMENTATION_COMMENTS = YES;
				CLANG_WARN_EMPTY_BODY = YES;
				CLANG_WARN_ENUM_CONVERSION = YES;
				CLANG_WARN_INFINITE_RECURSION = YES;
				CLANG_WARN_INT_CONVERSION = YES;
				CLANG_WARN_NON_LITERAL_NULL_CONVERSION = YES;
				CLANG_WARN_OBJC_IMPLICIT_RETAIN_SELF = YES;
				CLANG_WARN_OBJC_LITERAL_CONVERSION = YES;
				CLANG_WARN_OBJC_ROOT_CLASS = YES_ERROR;
				CLANG_WARN_QUOTED_INCLUDE_IN_FRAMEWORK_HEADER = YES;
				CLANG_WARN_RANGE_LOOP_ANALYSIS = YES;
				CLANG_WARN_STRICT_PROTOTYPES = YES;
				CLANG_WARN_SUSPICIOUS_MOVE = YES;
				CLANG_WARN_UNGUARDED_AVAILABILITY = YES_AGGRESSIVE;
				CLANG_WARN_UNREACHABLE_CODE = YES;
				CLANG_WARN__DUPLICATE_METHOD_MATCH = YES;
				COPY_PHASE_STRIP = NO;
				DEBUG_INFORMATION_FORMAT = dwarf;
				ENABLE_STRICT_OBJC_MSGSEND = YES;
				ENABLE_TESTABILITY = YES;
				GCC_C_LANGUAGE_STANDARD = gnu11;
				GCC_DYNAMIC_NO_PIC = NO;
				GCC_NO_COMMON_BLOCKS = YES;
				GCC_OPTIMIZATION_LEVEL = 0;
				GCC_PREPROCESSOR_DEFINITIONS = (
					"DEBUG=1",
					"$(inherited)",
				);
				GCC_WARN_64_TO_32_BIT_CONVERSION = YES;
				GCC_WARN_ABOUT_RETURN_TYPE = YES_ERROR;
				GCC_WARN_UNDECLARED_SELECTOR = YES;
				GCC_WARN_UNINITIALIZED_AUTOS = YES_AGGRESSIVE;
				GCC_WARN_UNUSED_FUNCTION = YES;
				GCC_WARN_UNUSED_VARIABLE = YES;
				IPHONEOS_DEPLOYMENT_TARGET = 15.2;
				MTL_ENABLE_DEBUG_INFO = INCLUDE_SOURCE;
				MTL_FAST_MATH = YES;
				ONLY_ACTIVE_ARCH = YES;
				SDKROOT = iphoneos;
				SWIFT_ACTIVE_COMPILATION_CONDITIONS = DEBUG;
				SWIFT_OPTIMIZATION_LEVEL = "-Onone";
			};
			name = Debug;
		};
		96E7A8B027988E4500C0E27E /* Release */ = {
			isa = XCBuildConfiguration;
			buildSettings = {
				ALWAYS_SEARCH_USER_PATHS = NO;
				CLANG_ANALYZER_NONNULL = YES;
				CLANG_ANALYZER_NUMBER_OBJECT_CONVERSION = YES_AGGRESSIVE;
				CLANG_CXX_LANGUAGE_STANDARD = "gnu++17";
				CLANG_CXX_LIBRARY = "libc++";
				CLANG_ENABLE_MODULES = YES;
				CLANG_ENABLE_OBJC_ARC = YES;
				CLANG_ENABLE_OBJC_WEAK = YES;
				CLANG_WARN_BLOCK_CAPTURE_AUTORELEASING = YES;
				CLANG_WARN_BOOL_CONVERSION = YES;
				CLANG_WARN_COMMA = YES;
				CLANG_WARN_CONSTANT_CONVERSION = YES;
				CLANG_WARN_DEPRECATED_OBJC_IMPLEMENTATIONS = YES;
				CLANG_WARN_DIRECT_OBJC_ISA_USAGE = YES_ERROR;
				CLANG_WARN_DOCUMENTATION_COMMENTS = YES;
				CLANG_WARN_EMPTY_BODY = YES;
				CLANG_WARN_ENUM_CONVERSION = YES;
				CLANG_WARN_INFINITE_RECURSION = YES;
				CLANG_WARN_INT_CONVERSION = YES;
				CLANG_WARN_NON_LITERAL_NULL_CONVERSION = YES;
				CLANG_WARN_OBJC_IMPLICIT_RETAIN_SELF = YES;
				CLANG_WARN_OBJC_LITERAL_CONVERSION = YES;
				CLANG_WARN_OBJC_ROOT_CLASS = YES_ERROR;
				CLANG_WARN_QUOTED_INCLUDE_IN_FRAMEWORK_HEADER = YES;
				CLANG_WARN_RANGE_LOOP_ANALYSIS = YES;
				CLANG_WARN_STRICT_PROTOTYPES = YES;
				CLANG_WARN_SUSPICIOUS_MOVE = YES;
				CLANG_WARN_UNGUARDED_AVAILABILITY = YES_AGGRESSIVE;
				CLANG_WARN_UNREACHABLE_CODE = YES;
				CLANG_WARN__DUPLICATE_METHOD_MATCH = YES;
				COPY_PHASE_STRIP = NO;
				DEBUG_INFORMATION_FORMAT = "dwarf-with-dsym";
				ENABLE_NS_ASSERTIONS = NO;
				ENABLE_STRICT_OBJC_MSGSEND = YES;
				GCC_C_LANGUAGE_STANDARD = gnu11;
				GCC_NO_COMMON_BLOCKS = YES;
				GCC_WARN_64_TO_32_BIT_CONVERSION = YES;
				GCC_WARN_ABOUT_RETURN_TYPE = YES_ERROR;
				GCC_WARN_UNDECLARED_SELECTOR = YES;
				GCC_WARN_UNINITIALIZED_AUTOS = YES_AGGRESSIVE;
				GCC_WARN_UNUSED_FUNCTION = YES;
				GCC_WARN_UNUSED_VARIABLE = YES;
				IPHONEOS_DEPLOYMENT_TARGET = 15.2;
				MTL_ENABLE_DEBUG_INFO = NO;
				MTL_FAST_MATH = YES;
				SDKROOT = iphoneos;
				SWIFT_COMPILATION_MODE = wholemodule;
				SWIFT_OPTIMIZATION_LEVEL = "-O";
				VALIDATE_PRODUCT = YES;
			};
			name = Release;
		};
		96E7A8B227988E4500C0E27E /* Debug */ = {
			isa = XCBuildConfiguration;
			buildSettings = {
				ASSETCATALOG_COMPILER_APPICON_NAME = AppIcon;
				ASSETCATALOG_COMPILER_GLOBAL_ACCENT_COLOR_NAME = AccentColor;
				CODE_SIGN_STYLE = Automatic;
				CURRENT_PROJECT_VERSION = 1;
				DEVELOPMENT_ASSET_PATHS = "\"Myapp/Preview Content\"";
				DEVELOPMENT_TEAM = HHQKT3A295;
				ENABLE_PREVIEWS = YES;
				GENERATE_INFOPLIST_FILE = YES;
				INFOPLIST_KEY_UIApplicationSceneManifest_Generation = YES;
				INFOPLIST_KEY_UIApplicationSupportsIndirectInputEvents = YES;
				INFOPLIST_KEY_UILaunchScreen_Generation = YES;
				INFOPLIST_KEY_UISupportedInterfaceOrientations_iPad = "UIInterfaceOrientationPortrait UIInterfaceOrientationPortraitUpsideDown UIInterfaceOrientationLandscapeLeft UIInterfaceOrientationLandscapeRight";
				INFOPLIST_KEY_UISupportedInterfaceOrientations_iPhone = "UIInterfaceOrientationPortrait UIInterfaceOrientationLandscapeLeft UIInterfaceOrientationLandscapeRight";
				LD_RUNPATH_SEARCH_PATHS = (
					"$(inherited)",
					"@executable_path/Frameworks",
				);
				MARKETING_VERSION = 1.0;
				PRODUCT_BUNDLE_IDENTIFIER = com.kabz.Myapp;
				PRODUCT_NAME = "$(TARGET_NAME)";
				SWIFT_EMIT_LOC_STRINGS = YES;
				SWIFT_VERSION = 5.0;
				TARGETED_DEVICE_FAMILY = "1,2";
			};
			name = Debug;
		};
		96E7A8B327988E4500C0E27E /* Release */ = {
			isa = XCBuildConfiguration;
			buildSettings = {
				ASSETCATALOG_COMPILER_APPICON_NAME = AppIcon;
				ASSETCATALOG_COMPILER_GLOBAL_ACCENT_COLOR_NAME = AccentColor;
				CODE_SIGN_STYLE = Automatic;
				CURRENT_PROJECT_VERSION = 1;
				DEVELOPMENT_ASSET_PATHS = "\"Myapp/Preview Content\"";
				DEVELOPMENT_TEAM = HHQKT3A295;
				ENABLE_PREVIEWS = YES;
				GENERATE_INFOPLIST_FILE = YES;
				INFOPLIST_KEY_UIApplicationSceneManifest_Generation = YES;
				INFOPLIST_KEY_UIApplicationSupportsIndirectInputEvents = YES;
				INFOPLIST_KEY_UILaunchScreen_Generation = YES;
				INFOPLIST_KEY_UISupportedInterfaceOrientations_iPad = "UIInterfaceOrientationPortrait UIInterfaceOrientationPortraitUpsideDown UIInterfaceOrientationLandscapeLeft UIInterfaceOrientationLandscapeRight";
				INFOPLIST_KEY_UISupportedInterfaceOrientations_iPhone = "UIInterfaceOrientationPortrait UIInterfaceOrientationLandscapeLeft UIInterfaceOrientationLandscapeRight";
				LD_RUNPATH_SEARCH_PATHS = (
					"$(inherited)",
					"@executable_path/Frameworks",
				);
				MARKETING_VERSION = 1.0;
				PRODUCT_BUNDLE_IDENTIFIER = com.kabz.Myapp;
				PRODUCT_NAME = "$(TARGET_NAME)";
				SWIFT_EMIT_LOC_STRINGS = YES;
				SWIFT_VERSION = 5.0;
				TARGETED_DEVICE_FAMILY = "1,2";
			};
			name = Release;
		};
/* End XCBuildConfiguration section */

/* Begin XCConfigurationList section */
		96E7A89E27988E4100C0E27E /* Build configuration list for PBXProject "Myapp" */ = {
			isa = XCConfigurationList;
			buildConfigurations = (
				96E7A8AF27988E4500C0E27E /* Debug */,
				96E7A8B027988E4500C0E27E /* Release */,
			);
			defaultConfigurationIsVisible = 0;
			defaultConfigurationName = Release;
		};
		96E7A8B127988E4500C0E27E /* Build configuration list for PBXNativeTarget "Myapp" */ = {
			isa = XCConfigurationList;
			buildConfigurations = (
				96E7A8B227988E4500C0E27E /* Debug */,
				96E7A8B327988E4500C0E27E /* Release */,
			);
			defaultConfigurationIsVisible = 0;
			defaultConfigurationName = Release;
		};
/* End XCConfigurationList section */

/* Begin XCRemoteSwiftPackageReference section */
		962612A42799FF4C00B619BF /* XCRemoteSwiftPackageReference "firebase-ios-sdk" */ = {
			isa = XCRemoteSwiftPackageReference;
			repositoryURL = "https://github.com/firebase/firebase-ios-sdk.git";
			requirement = {
				branch = master;
				kind = branch;
			};
		};
/* End XCRemoteSwiftPackageReference section */

/* Begin XCSwiftPackageProductDependency section */
		962612A52799FF4C00B619BF /* FirebaseFirestore */ = {
			isa = XCSwiftPackageProductDependency;
			package = 962612A42799FF4C00B619BF /* XCRemoteSwiftPackageReference "firebase-ios-sdk" */;
			productName = FirebaseFirestore;
		};
/* End XCSwiftPackageProductDependency section */
	};
	rootObject = 96E7A89B27988E4100C0E27E /* Project object */;
}
